{
  "originHash" : "1bec680e7f727a91db2e1cafc48ef28b55094453ddf20126ab1bc898d9bf507d",
  "pins" : [
    {
      "identity" : "realtimekitcoreios",
      "kind" : "remoteSourceControl",
      "location" : "https://github.com/dyte-in/RealtimeKitCoreiOS",
      "state" : {
        "revision" : "5d543ffd98ead585364e4b03ee0b220a4216429a",
        "version" : "1.3.2"
      }
    }
  ],
  "version" : 3
}
