PODS:
  - DyteiOSCore (0.6.9):
    - DyteiOSSocketIO (~> 0.1.6)
    - JitsiWebRTC (~> 106.0.0)
  - DyteiOSSocketIO (0.1.6):
    - DyteStarscream (~> 0.0.3)
  - DyteStarscream (0.0.3)
  - DyteUiKit (0.3.6):
    - DyteiOSCore (~> 0.6.7)
  - JitsiWebRTC (106.0.0)

DEPENDENCIES:
  - DyteUiKit (= 0.3.6)

SPEC REPOS:
  trunk:
    - DyteiOSCore
    - DyteiOSSocketIO
    - DyteStarscream
    - DyteUiKit
    - JitsiWebRTC

SPEC CHECKSUMS:
  DyteiOSCore: ed6394c2210cefff3ce163fcc024033efe8589df
  DyteiOSSocketIO: e1cd26f46951a4d80a04e2297f3f6dd2e34304bd
  DyteStarscream: a923d070fab3f16334aed0ff8a1788446753f62a
  DyteUiKit: 29ce566fc0da47e85eed8cf711fe9c299d4aa678
  JitsiWebRTC: f441eb0e2d67f0588bf24e21c5162e97342714fb

PODFILE CHECKSUM: 86b3780a8388700ed78fcb15302237e271ceb947

COCOAPODS: 1.11.3
