// !$*UTF8*$!
{
	archiveVersion = 1;
	classes = {
	};
	objectVersion = 55;
	objects = {

/* Begin PBXBuildFile section */
		AABAD9182A6FC056008B6ED3 /* DyteUiKitTests.swift in Sources */ = {isa = PBXBuildFile; fileRef = AABAD9172A6FC056008B6ED3 /* DyteUiKitTests.swift */; };
		BDB77EED2983AC8E00CACD4B /* AppDelegate.swift in Sources */ = {isa = PBXBuildFile; fileRef = BDB77EEC2983AC8E00CACD4B /* AppDelegate.swift */; };
		BDB77EEF2983AC8E00CACD4B /* SceneDelegate.swift in Sources */ = {isa = PBXBuildFile; fileRef = BDB77EEE2983AC8E00CACD4B /* SceneDelegate.swift */; };
		BDB77EF12983AC8E00CACD4B /* ViewController.swift in Sources */ = {isa = PBXBuildFile; fileRef = BDB77EF02983AC8E00CACD4B /* ViewController.swift */; };
		BDB77EF92983AC8F00CACD4B /* LaunchScreen.storyboard in Resources */ = {isa = PBXBuildFile; fileRef = BDB77EF72983AC8F00CACD4B /* LaunchScreen.storyboard */; };
		BDB77F0F2983B0CE00CACD4B /* ApiService.swift in Sources */ = {isa = PBXBuildFile; fileRef = BDB77F0C2983B0CE00CACD4B /* ApiService.swift */; };
		BDB77F102983B0CE00CACD4B /* NetworkManager.swift in Sources */ = {isa = PBXBuildFile; fileRef = BDB77F0D2983B0CE00CACD4B /* NetworkManager.swift */; };
		BDB77F112983B0CE00CACD4B /* MeetingSetupViewModel.swift in Sources */ = {isa = PBXBuildFile; fileRef = BDB77F0E2983B0CE00CACD4B /* MeetingSetupViewModel.swift */; };
		BDB77F132983B0F500CACD4B /* Constants.swift in Sources */ = {isa = PBXBuildFile; fileRef = BDB77F122983B0F500CACD4B /* Constants.swift */; };
		BDB77F152983B13600CACD4B /* Utils.swift in Sources */ = {isa = PBXBuildFile; fileRef = BDB77F142983B13600CACD4B /* Utils.swift */; };
		BDB77F172983B29D00CACD4B /* Main.storyboard in Resources */ = {isa = PBXBuildFile; fileRef = BDB77F162983B29D00CACD4B /* Main.storyboard */; };
		BDB77F192983B2D300CACD4B /* Assets.xcassets in Resources */ = {isa = PBXBuildFile; fileRef = BDB77F182983B2D300CACD4B /* Assets.xcassets */; };
/* End PBXBuildFile section */

/* Begin PBXContainerItemProxy section */
		AABAD9142A6FC056008B6ED3 /* PBXContainerItemProxy */ = {
			isa = PBXContainerItemProxy;
			containerPortal = BDB77EE12983AC8E00CACD4B /* Project object */;
			proxyType = 1;
			remoteGlobalIDString = BDB77EE82983AC8E00CACD4B;
			remoteInfo = DyteiOSUIKitExample;
		};
/* End PBXContainerItemProxy section */

/* Begin PBXFileReference section */
		AA2C30842AEA2E80002C7AF8 /* DyteUiKit.framework */ = {isa = PBXFileReference; lastKnownFileType = wrapper.framework; name = DyteUiKit.framework; path = DyteiOSUIKitExample/DyteUiKit.framework; sourceTree = "<group>"; };
		AA3AC76A2B038A36003C9315 /* DyteUiKit.framework */ = {isa = PBXFileReference; explicitFileType = wrapper.framework; path = DyteUiKit.framework; sourceTree = BUILT_PRODUCTS_DIR; };
		AA6AAD712ADFF92700AE3F7C /* AmazonIVSPlayer.xcframework */ = {isa = PBXFileReference; lastKnownFileType = wrapper.xcframework; name = AmazonIVSPlayer.xcframework; path = "../../ios-ui-kit/DyteUiKit/Pods/AmazonIVSPlayer/AmazonIVSPlayer.xcframework"; sourceTree = "<group>"; };
		AA6AAD722ADFF92700AE3F7C /* DyteiOSCore.xcframework */ = {isa = PBXFileReference; lastKnownFileType = wrapper.xcframework; name = DyteiOSCore.xcframework; path = "../../ios-ui-kit/DyteUiKit/Pods/DyteiOSCore/DyteiOSCore.xcframework"; sourceTree = "<group>"; };
		AA6AAD732ADFF92700AE3F7C /* DyteiOSSocketIO.xcframework */ = {isa = PBXFileReference; lastKnownFileType = wrapper.xcframework; name = DyteiOSSocketIO.xcframework; path = "../../ios-ui-kit/DyteUiKit/Pods/DyteiOSSocketIO/DyteiOSSocketIO.xcframework"; sourceTree = "<group>"; };
		AA6AAD742ADFF92700AE3F7C /* Starscream.xcframework */ = {isa = PBXFileReference; lastKnownFileType = wrapper.xcframework; name = Starscream.xcframework; path = "../../ios-ui-kit/DyteUiKit/Pods/DyteStarscream/Starscream.xcframework"; sourceTree = "<group>"; };
		AA6AAD752ADFF92700AE3F7C /* WebRTC.xcframework */ = {isa = PBXFileReference; lastKnownFileType = wrapper.xcframework; name = WebRTC.xcframework; path = "../../ios-ui-kit/DyteUiKit/Pods/WebRTC-SDK/WebRTC.xcframework"; sourceTree = "<group>"; };
		AA9186FC2B0637BD001FC50A /* DyteUiKit.framework */ = {isa = PBXFileReference; explicitFileType = wrapper.framework; path = DyteUiKit.framework; sourceTree = BUILT_PRODUCTS_DIR; };
		AABAD9092A6FC056008B6ED3 /* DyteUiKit.h */ = {isa = PBXFileReference; lastKnownFileType = sourcecode.c.h; path = DyteUiKit.h; sourceTree = "<group>"; };
		AABAD90A2A6FC056008B6ED3 /* DyteUiKit.docc */ = {isa = PBXFileReference; lastKnownFileType = folder.documentationcatalog; path = DyteUiKit.docc; sourceTree = "<group>"; };
		AABAD9102A6FC056008B6ED3 /* DyteUiKitTests.xctest */ = {isa = PBXFileReference; explicitFileType = wrapper.cfbundle; includeInIndex = 0; path = DyteUiKitTests.xctest; sourceTree = BUILT_PRODUCTS_DIR; };
		AABAD9172A6FC056008B6ED3 /* DyteUiKitTests.swift */ = {isa = PBXFileReference; lastKnownFileType = sourcecode.swift; path = DyteUiKitTests.swift; sourceTree = "<group>"; };
		BDB77EE92983AC8E00CACD4B /* DyteiOSUIKitExample.app */ = {isa = PBXFileReference; explicitFileType = wrapper.application; includeInIndex = 0; path = DyteiOSUIKitExample.app; sourceTree = BUILT_PRODUCTS_DIR; };
		BDB77EEC2983AC8E00CACD4B /* AppDelegate.swift */ = {isa = PBXFileReference; lastKnownFileType = sourcecode.swift; path = AppDelegate.swift; sourceTree = "<group>"; };
		BDB77EEE2983AC8E00CACD4B /* SceneDelegate.swift */ = {isa = PBXFileReference; lastKnownFileType = sourcecode.swift; path = SceneDelegate.swift; sourceTree = "<group>"; };
		BDB77EF02983AC8E00CACD4B /* ViewController.swift */ = {isa = PBXFileReference; lastKnownFileType = sourcecode.swift; path = ViewController.swift; sourceTree = "<group>"; };
		BDB77EF82983AC8F00CACD4B /* Base */ = {isa = PBXFileReference; lastKnownFileType = file.storyboard; name = Base; path = Base.lproj/LaunchScreen.storyboard; sourceTree = "<group>"; };
		BDB77EFA2983AC8F00CACD4B /* Info.plist */ = {isa = PBXFileReference; lastKnownFileType = text.plist.xml; path = Info.plist; sourceTree = "<group>"; };
		BDB77F0C2983B0CE00CACD4B /* ApiService.swift */ = {isa = PBXFileReference; fileEncoding = 4; lastKnownFileType = sourcecode.swift; path = ApiService.swift; sourceTree = "<group>"; };
		BDB77F0D2983B0CE00CACD4B /* NetworkManager.swift */ = {isa = PBXFileReference; fileEncoding = 4; lastKnownFileType = sourcecode.swift; path = NetworkManager.swift; sourceTree = "<group>"; };
		BDB77F0E2983B0CE00CACD4B /* MeetingSetupViewModel.swift */ = {isa = PBXFileReference; fileEncoding = 4; lastKnownFileType = sourcecode.swift; path = MeetingSetupViewModel.swift; sourceTree = "<group>"; };
		BDB77F122983B0F500CACD4B /* Constants.swift */ = {isa = PBXFileReference; fileEncoding = 4; lastKnownFileType = sourcecode.swift; path = Constants.swift; sourceTree = "<group>"; };
		BDB77F142983B13600CACD4B /* Utils.swift */ = {isa = PBXFileReference; fileEncoding = 4; lastKnownFileType = sourcecode.swift; path = Utils.swift; sourceTree = "<group>"; };
		BDB77F162983B29D00CACD4B /* Main.storyboard */ = {isa = PBXFileReference; fileEncoding = 4; lastKnownFileType = file.storyboard; path = Main.storyboard; sourceTree = "<group>"; };
		BDB77F182983B2D300CACD4B /* Assets.xcassets */ = {isa = PBXFileReference; lastKnownFileType = folder.assetcatalog; path = Assets.xcassets; sourceTree = "<group>"; };
		BDFFF6552AE8FD58007C5B9B /* DyteiOSUIKitExample.entitlements */ = {isa = PBXFileReference; lastKnownFileType = text.plist.entitlements; path = DyteiOSUIKitExample.entitlements; sourceTree = "<group>"; };
/* End PBXFileReference section */

/* Begin PBXFrameworksBuildPhase section */
		AABAD90D2A6FC056008B6ED3 /* Frameworks */ = {
			isa = PBXFrameworksBuildPhase;
			buildActionMask = 2147483647;
			files = (
			);
			runOnlyForDeploymentPostprocessing = 0;
		};
		BDB77EE62983AC8E00CACD4B /* Frameworks */ = {
			isa = PBXFrameworksBuildPhase;
			buildActionMask = 2147483647;
			files = (
			);
			runOnlyForDeploymentPostprocessing = 0;
		};
/* End PBXFrameworksBuildPhase section */

/* Begin PBXGroup section */
		4A4FBCE99873F37C94A3ECBD /* Pods */ = {
			isa = PBXGroup;
			children = (
			);
			path = Pods;
			sourceTree = "<group>";
		};
		AABAD9082A6FC056008B6ED3 /* DyteUiKit */ = {
			isa = PBXGroup;
			children = (
				AABAD9092A6FC056008B6ED3 /* DyteUiKit.h */,
				AABAD90A2A6FC056008B6ED3 /* DyteUiKit.docc */,
			);
			path = DyteUiKit;
			sourceTree = "<group>";
		};
		AABAD9162A6FC056008B6ED3 /* DyteUiKitTests */ = {
			isa = PBXGroup;
			children = (
				AABAD9172A6FC056008B6ED3 /* DyteUiKitTests.swift */,
			);
			path = DyteUiKitTests;
			sourceTree = "<group>";
		};
		BDB77EE02983AC8E00CACD4B = {
			isa = PBXGroup;
			children = (
				BDB77EEB2983AC8E00CACD4B /* DyteiOSUIKitExample */,
				AABAD9082A6FC056008B6ED3 /* DyteUiKit */,
				AABAD9162A6FC056008B6ED3 /* DyteUiKitTests */,
				BDB77EEA2983AC8E00CACD4B /* Products */,
				4A4FBCE99873F37C94A3ECBD /* Pods */,
				FA5B8E9EEC371C24038CA7A3 /* Frameworks */,
			);
			sourceTree = "<group>";
		};
		BDB77EEA2983AC8E00CACD4B /* Products */ = {
			isa = PBXGroup;
			children = (
				BDB77EE92983AC8E00CACD4B /* DyteiOSUIKitExample.app */,
				AABAD9102A6FC056008B6ED3 /* DyteUiKitTests.xctest */,
			);
			name = Products;
			sourceTree = "<group>";
		};
		BDB77EEB2983AC8E00CACD4B /* DyteiOSUIKitExample */ = {
			isa = PBXGroup;
			children = (
				BDFFF6552AE8FD58007C5B9B /* DyteiOSUIKitExample.entitlements */,
				BDB77EEC2983AC8E00CACD4B /* AppDelegate.swift */,
				BDB77EEE2983AC8E00CACD4B /* SceneDelegate.swift */,
				BDB77EF02983AC8E00CACD4B /* ViewController.swift */,
				BDB77F142983B13600CACD4B /* Utils.swift */,
				BDB77F122983B0F500CACD4B /* Constants.swift */,
				BDB77F0C2983B0CE00CACD4B /* ApiService.swift */,
				BDB77F0E2983B0CE00CACD4B /* MeetingSetupViewModel.swift */,
				BDB77F0D2983B0CE00CACD4B /* NetworkManager.swift */,
				BDB77F162983B29D00CACD4B /* Main.storyboard */,
				BDB77F182983B2D300CACD4B /* Assets.xcassets */,
				BDB77EF72983AC8F00CACD4B /* LaunchScreen.storyboard */,
				BDB77EFA2983AC8F00CACD4B /* Info.plist */,
			);
			path = DyteiOSUIKitExample;
			sourceTree = "<group>";
		};
		FA5B8E9EEC371C24038CA7A3 /* Frameworks */ = {
			isa = PBXGroup;
			children = (
				AA9186FC2B0637BD001FC50A /* DyteUiKit.framework */,
				AA3AC76A2B038A36003C9315 /* DyteUiKit.framework */,
				AA2C30842AEA2E80002C7AF8 /* DyteUiKit.framework */,
				AA6AAD712ADFF92700AE3F7C /* AmazonIVSPlayer.xcframework */,
				AA6AAD722ADFF92700AE3F7C /* DyteiOSCore.xcframework */,
				AA6AAD732ADFF92700AE3F7C /* DyteiOSSocketIO.xcframework */,
				AA6AAD742ADFF92700AE3F7C /* Starscream.xcframework */,
				AA6AAD752ADFF92700AE3F7C /* WebRTC.xcframework */,
			);
			name = Frameworks;
			sourceTree = "<group>";
		};
/* End PBXGroup section */

/* Begin PBXNativeTarget section */
		AABAD90F2A6FC056008B6ED3 /* DyteUiKitTests */ = {
			isa = PBXNativeTarget;
			buildConfigurationList = AABAD9212A6FC056008B6ED3 /* Build configuration list for PBXNativeTarget "DyteUiKitTests" */;
			buildPhases = (
				AABAD90C2A6FC056008B6ED3 /* Sources */,
				AABAD90D2A6FC056008B6ED3 /* Frameworks */,
				AABAD90E2A6FC056008B6ED3 /* Resources */,
			);
			buildRules = (
			);
			dependencies = (
				AABAD9152A6FC056008B6ED3 /* PBXTargetDependency */,
			);
			name = DyteUiKitTests;
			productName = DyteUiKitTests;
			productReference = AABAD9102A6FC056008B6ED3 /* DyteUiKitTests.xctest */;
			productType = "com.apple.product-type.bundle.unit-test";
		};
		BDB77EE82983AC8E00CACD4B /* DyteiOSUIKitExample */ = {
			isa = PBXNativeTarget;
			buildConfigurationList = BDB77EFD2983AC8F00CACD4B /* Build configuration list for PBXNativeTarget "DyteiOSUIKitExample" */;
			buildPhases = (
				BDB77EE52983AC8E00CACD4B /* Sources */,
				BDB77EE62983AC8E00CACD4B /* Frameworks */,
				BDB77EE72983AC8E00CACD4B /* Resources */,
			);
			buildRules = (
			);
			dependencies = (
			);
			name = DyteiOSUIKitExample;
			productName = DyteiOSUIKitExample;
			productReference = BDB77EE92983AC8E00CACD4B /* DyteiOSUIKitExample.app */;
			productType = "com.apple.product-type.application";
		};
/* End PBXNativeTarget section */

/* Begin PBXProject section */
		BDB77EE12983AC8E00CACD4B /* Project object */ = {
			isa = PBXProject;
			attributes = {
				BuildIndependentTargetsInParallel = 1;
				LastSwiftUpdateCheck = 1430;
				LastUpgradeCheck = 1400;
				TargetAttributes = {
					AABAD90F2A6FC056008B6ED3 = {
						CreatedOnToolsVersion = 14.3.1;
						TestTargetID = BDB77EE82983AC8E00CACD4B;
					};
					BDB77EE82983AC8E00CACD4B = {
						CreatedOnToolsVersion = 14.0.1;
					};
				};
			};
			buildConfigurationList = BDB77EE42983AC8E00CACD4B /* Build configuration list for PBXProject "DyteiOSUIKitExample" */;
			compatibilityVersion = "Xcode 13.0";
			developmentRegion = en;
			hasScannedForEncodings = 0;
			knownRegions = (
				en,
				Base,
			);
			mainGroup = BDB77EE02983AC8E00CACD4B;
			productRefGroup = BDB77EEA2983AC8E00CACD4B /* Products */;
			projectDirPath = "";
			projectRoot = "";
			targets = (
				BDB77EE82983AC8E00CACD4B /* DyteiOSUIKitExample */,
				AABAD90F2A6FC056008B6ED3 /* DyteUiKitTests */,
			);
		};
/* End PBXProject section */

/* Begin PBXResourcesBuildPhase section */
		AABAD90E2A6FC056008B6ED3 /* Resources */ = {
			isa = PBXResourcesBuildPhase;
			buildActionMask = 2147483647;
			files = (
			);
			runOnlyForDeploymentPostprocessing = 0;
		};
		BDB77EE72983AC8E00CACD4B /* Resources */ = {
			isa = PBXResourcesBuildPhase;
			buildActionMask = 2147483647;
			files = (
				BDB77F172983B29D00CACD4B /* Main.storyboard in Resources */,
				BDB77F192983B2D300CACD4B /* Assets.xcassets in Resources */,
				BDB77EF92983AC8F00CACD4B /* LaunchScreen.storyboard in Resources */,
			);
			runOnlyForDeploymentPostprocessing = 0;
		};
/* End PBXResourcesBuildPhase section */

/* Begin PBXSourcesBuildPhase section */
		AABAD90C2A6FC056008B6ED3 /* Sources */ = {
			isa = PBXSourcesBuildPhase;
			buildActionMask = 2147483647;
			files = (
				AABAD9182A6FC056008B6ED3 /* DyteUiKitTests.swift in Sources */,
			);
			runOnlyForDeploymentPostprocessing = 0;
		};
		BDB77EE52983AC8E00CACD4B /* Sources */ = {
			isa = PBXSourcesBuildPhase;
			buildActionMask = 2147483647;
			files = (
				BDB77EF12983AC8E00CACD4B /* ViewController.swift in Sources */,
				BDB77EED2983AC8E00CACD4B /* AppDelegate.swift in Sources */,
				BDB77F112983B0CE00CACD4B /* MeetingSetupViewModel.swift in Sources */,
				BDB77F102983B0CE00CACD4B /* NetworkManager.swift in Sources */,
				BDB77F132983B0F500CACD4B /* Constants.swift in Sources */,
				BDB77F0F2983B0CE00CACD4B /* ApiService.swift in Sources */,
				BDB77EEF2983AC8E00CACD4B /* SceneDelegate.swift in Sources */,
				BDB77F152983B13600CACD4B /* Utils.swift in Sources */,
			);
			runOnlyForDeploymentPostprocessing = 0;
		};
/* End PBXSourcesBuildPhase section */

/* Begin PBXTargetDependency section */
		AABAD9152A6FC056008B6ED3 /* PBXTargetDependency */ = {
			isa = PBXTargetDependency;
			target = BDB77EE82983AC8E00CACD4B /* DyteiOSUIKitExample */;
			targetProxy = AABAD9142A6FC056008B6ED3 /* PBXContainerItemProxy */;
		};
/* End PBXTargetDependency section */

/* Begin PBXVariantGroup section */
		BDB77EF72983AC8F00CACD4B /* LaunchScreen.storyboard */ = {
			isa = PBXVariantGroup;
			children = (
				BDB77EF82983AC8F00CACD4B /* Base */,
			);
			name = LaunchScreen.storyboard;
			sourceTree = "<group>";
		};
/* End PBXVariantGroup section */

/* Begin XCBuildConfiguration section */
		AABAD9222A6FC056008B6ED3 /* Debug */ = {
			isa = XCBuildConfiguration;
			buildSettings = {
				ALWAYS_EMBED_SWIFT_STANDARD_LIBRARIES = YES;
				CODE_SIGN_STYLE = Automatic;
				CURRENT_PROJECT_VERSION = 1;
				DEVELOPMENT_TEAM = UTMX66WMV5;
				GENERATE_INFOPLIST_FILE = YES;
				IPHONEOS_DEPLOYMENT_TARGET = 16.4;
				MARKETING_VERSION = 1.0;
				PRODUCT_BUNDLE_IDENTIFIER = com.dyte.io.DyteUiKitTests;
				PRODUCT_NAME = "$(TARGET_NAME)";
				SWIFT_EMIT_LOC_STRINGS = NO;
				SWIFT_VERSION = 5.0;
				TARGETED_DEVICE_FAMILY = "1,2";
				TEST_HOST = "$(BUILT_PRODUCTS_DIR)/DyteiOSUIKitExample.app/$(BUNDLE_EXECUTABLE_FOLDER_PATH)/DyteiOSUIKitExample";
			};
			name = Debug;
		};
		AABAD9232A6FC056008B6ED3 /* Release */ = {
			isa = XCBuildConfiguration;
			buildSettings = {
				ALWAYS_EMBED_SWIFT_STANDARD_LIBRARIES = YES;
				CODE_SIGN_STYLE = Automatic;
				CURRENT_PROJECT_VERSION = 1;
				DEVELOPMENT_TEAM = UTMX66WMV5;
				GENERATE_INFOPLIST_FILE = YES;
				IPHONEOS_DEPLOYMENT_TARGET = 16.4;
				MARKETING_VERSION = 1.0;
				PRODUCT_BUNDLE_IDENTIFIER = com.dyte.io.DyteUiKitTests;
				PRODUCT_NAME = "$(TARGET_NAME)";
				SWIFT_EMIT_LOC_STRINGS = NO;
				SWIFT_VERSION = 5.0;
				TARGETED_DEVICE_FAMILY = "1,2";
				TEST_HOST = "$(BUILT_PRODUCTS_DIR)/DyteiOSUIKitExample.app/$(BUNDLE_EXECUTABLE_FOLDER_PATH)/DyteiOSUIKitExample";
			};
			name = Release;
		};
		BDB77EFB2983AC8F00CACD4B /* Debug */ = {
			isa = XCBuildConfiguration;
			buildSettings = {
				ALWAYS_SEARCH_USER_PATHS = NO;
				CLANG_ANALYZER_NONNULL = YES;
				CLANG_ANALYZER_NUMBER_OBJECT_CONVERSION = YES_AGGRESSIVE;
				CLANG_CXX_LANGUAGE_STANDARD = "gnu++20";
				CLANG_ENABLE_MODULES = YES;
				CLANG_ENABLE_OBJC_ARC = YES;
				CLANG_ENABLE_OBJC_WEAK = YES;
				CLANG_WARN_BLOCK_CAPTURE_AUTORELEASING = YES;
				CLANG_WARN_BOOL_CONVERSION = YES;
				CLANG_WARN_COMMA = YES;
				CLANG_WARN_CONSTANT_CONVERSION = YES;
				CLANG_WARN_DEPRECATED_OBJC_IMPLEMENTATIONS = YES;
				CLANG_WARN_DIRECT_OBJC_ISA_USAGE = YES_ERROR;
				CLANG_WARN_DOCUMENTATION_COMMENTS = YES;
				CLANG_WARN_EMPTY_BODY = YES;
				CLANG_WARN_ENUM_CONVERSION = YES;
				CLANG_WARN_INFINITE_RECURSION = YES;
				CLANG_WARN_INT_CONVERSION = YES;
				CLANG_WARN_NON_LITERAL_NULL_CONVERSION = YES;
				CLANG_WARN_OBJC_IMPLICIT_RETAIN_SELF = YES;
				CLANG_WARN_OBJC_LITERAL_CONVERSION = YES;
				CLANG_WARN_OBJC_ROOT_CLASS = YES_ERROR;
				CLANG_WARN_QUOTED_INCLUDE_IN_FRAMEWORK_HEADER = YES;
				CLANG_WARN_RANGE_LOOP_ANALYSIS = YES;
				CLANG_WARN_STRICT_PROTOTYPES = YES;
				CLANG_WARN_SUSPICIOUS_MOVE = YES;
				CLANG_WARN_UNGUARDED_AVAILABILITY = YES_AGGRESSIVE;
				CLANG_WARN_UNREACHABLE_CODE = YES;
				CLANG_WARN__DUPLICATE_METHOD_MATCH = YES;
				COPY_PHASE_STRIP = NO;
				DEBUG_INFORMATION_FORMAT = dwarf;
				ENABLE_STRICT_OBJC_MSGSEND = YES;
				ENABLE_TESTABILITY = YES;
				GCC_C_LANGUAGE_STANDARD = gnu11;
				GCC_DYNAMIC_NO_PIC = NO;
				GCC_NO_COMMON_BLOCKS = YES;
				GCC_OPTIMIZATION_LEVEL = 0;
				GCC_PREPROCESSOR_DEFINITIONS = (
					"DEBUG=1",
					"$(inherited)",
				);
				GCC_WARN_64_TO_32_BIT_CONVERSION = YES;
				GCC_WARN_ABOUT_RETURN_TYPE = YES_ERROR;
				GCC_WARN_UNDECLARED_SELECTOR = YES;
				GCC_WARN_UNINITIALIZED_AUTOS = YES_AGGRESSIVE;
				GCC_WARN_UNUSED_FUNCTION = YES;
				GCC_WARN_UNUSED_VARIABLE = YES;
				IPHONEOS_DEPLOYMENT_TARGET = 16.0;
				MTL_ENABLE_DEBUG_INFO = INCLUDE_SOURCE;
				MTL_FAST_MATH = YES;
				ONLY_ACTIVE_ARCH = YES;
				SDKROOT = iphoneos;
				SWIFT_ACTIVE_COMPILATION_CONDITIONS = DEBUG;
				SWIFT_OPTIMIZATION_LEVEL = "-Onone";
			};
			name = Debug;
		};
		BDB77EFC2983AC8F00CACD4B /* Release */ = {
			isa = XCBuildConfiguration;
			buildSettings = {
				ALWAYS_SEARCH_USER_PATHS = NO;
				CLANG_ANALYZER_NONNULL = YES;
				CLANG_ANALYZER_NUMBER_OBJECT_CONVERSION = YES_AGGRESSIVE;
				CLANG_CXX_LANGUAGE_STANDARD = "gnu++20";
				CLANG_ENABLE_MODULES = YES;
				CLANG_ENABLE_OBJC_ARC = YES;
				CLANG_ENABLE_OBJC_WEAK = YES;
				CLANG_WARN_BLOCK_CAPTURE_AUTORELEASING = YES;
				CLANG_WARN_BOOL_CONVERSION = YES;
				CLANG_WARN_COMMA = YES;
				CLANG_WARN_CONSTANT_CONVERSION = YES;
				CLANG_WARN_DEPRECATED_OBJC_IMPLEMENTATIONS = YES;
				CLANG_WARN_DIRECT_OBJC_ISA_USAGE = YES_ERROR;
				CLANG_WARN_DOCUMENTATION_COMMENTS = YES;
				CLANG_WARN_EMPTY_BODY = YES;
				CLANG_WARN_ENUM_CONVERSION = YES;
				CLANG_WARN_INFINITE_RECURSION = YES;
				CLANG_WARN_INT_CONVERSION = YES;
				CLANG_WARN_NON_LITERAL_NULL_CONVERSION = YES;
				CLANG_WARN_OBJC_IMPLICIT_RETAIN_SELF = YES;
				CLANG_WARN_OBJC_LITERAL_CONVERSION = YES;
				CLANG_WARN_OBJC_ROOT_CLASS = YES_ERROR;
				CLANG_WARN_QUOTED_INCLUDE_IN_FRAMEWORK_HEADER = YES;
				CLANG_WARN_RANGE_LOOP_ANALYSIS = YES;
				CLANG_WARN_STRICT_PROTOTYPES = YES;
				CLANG_WARN_SUSPICIOUS_MOVE = YES;
				CLANG_WARN_UNGUARDED_AVAILABILITY = YES_AGGRESSIVE;
				CLANG_WARN_UNREACHABLE_CODE = YES;
				CLANG_WARN__DUPLICATE_METHOD_MATCH = YES;
				COPY_PHASE_STRIP = NO;
				DEBUG_INFORMATION_FORMAT = "dwarf-with-dsym";
				ENABLE_NS_ASSERTIONS = NO;
				ENABLE_STRICT_OBJC_MSGSEND = YES;
				GCC_C_LANGUAGE_STANDARD = gnu11;
				GCC_NO_COMMON_BLOCKS = YES;
				GCC_WARN_64_TO_32_BIT_CONVERSION = YES;
				GCC_WARN_ABOUT_RETURN_TYPE = YES_ERROR;
				GCC_WARN_UNDECLARED_SELECTOR = YES;
				GCC_WARN_UNINITIALIZED_AUTOS = YES_AGGRESSIVE;
				GCC_WARN_UNUSED_FUNCTION = YES;
				GCC_WARN_UNUSED_VARIABLE = YES;
				IPHONEOS_DEPLOYMENT_TARGET = 16.0;
				MTL_ENABLE_DEBUG_INFO = NO;
				MTL_FAST_MATH = YES;
				SDKROOT = iphoneos;
				SWIFT_COMPILATION_MODE = wholemodule;
				SWIFT_OPTIMIZATION_LEVEL = "-O";
				VALIDATE_PRODUCT = YES;
			};
			name = Release;
		};
		BDB77EFE2983AC8F00CACD4B /* Debug */ = {
			isa = XCBuildConfiguration;
			buildSettings = {
				ASSETCATALOG_COMPILER_APPICON_NAME = AppIcon;
				ASSETCATALOG_COMPILER_GLOBAL_ACCENT_COLOR_NAME = AccentColor;
				BUILD_LIBRARY_FOR_DISTRIBUTION = YES;
				CODE_SIGN_ENTITLEMENTS = DyteiOSUIKitExample/DyteiOSUIKitExample.entitlements;
				CODE_SIGN_STYLE = Automatic;
				CURRENT_PROJECT_VERSION = 2;
				DEVELOPMENT_TEAM = QVRMZNCH5A;
				FRAMEWORK_SEARCH_PATHS = (
					"$(inherited)",
					"$(PROJECT_DIR)/Frameworks",
					"$(PROJECT_DIR)/DyteiOSUIKitExample",
					"$(PROJECT_DIR)/DyteiOSUIKitExample/Starscream",
					"$(PROJECT_DIR)/DyteiOSUIKitExample/DyteiOSSocketIO",
				);
				GENERATE_INFOPLIST_FILE = YES;
				INFOPLIST_FILE = DyteiOSUIKitExample/Info.plist;
				INFOPLIST_KEY_CFBundleDisplayName = "Dyte Demo iOS";
				INFOPLIST_KEY_NSCameraUsageDescription = "Dyte needs camera permission for Dyte meeting";
				INFOPLIST_KEY_NSMicrophoneUsageDescription = "Dyte needs microphone permission for Dyte meeting";
				INFOPLIST_KEY_UIApplicationSupportsIndirectInputEvents = YES;
				INFOPLIST_KEY_UILaunchStoryboardName = LaunchScreen;
				INFOPLIST_KEY_UIMainStoryboardFile = Main;
				INFOPLIST_KEY_UISupportedInterfaceOrientations = UIInterfaceOrientationPortrait;
				INFOPLIST_KEY_UISupportedInterfaceOrientations_iPad = "UIInterfaceOrientationLandscapeLeft UIInterfaceOrientationLandscapeRight UIInterfaceOrientationPortrait UIInterfaceOrientationPortraitUpsideDown";
				IPHONEOS_DEPLOYMENT_TARGET = 13.0;
				LD_RUNPATH_SEARCH_PATHS = (
					"$(inherited)",
					"@executable_path/Frameworks",
				);
				MARKETING_VERSION = 1.7;
				PRODUCT_BUNDLE_IDENTIFIER = io.dyte.core.sample;
				PRODUCT_NAME = "$(TARGET_NAME)";
				SUPPORTED_PLATFORMS = "iphoneos iphonesimulator";
				SUPPORTS_MACCATALYST = NO;
				SUPPORTS_MAC_DESIGNED_FOR_IPHONE_IPAD = NO;
				SWIFT_EMIT_LOC_STRINGS = YES;
				SWIFT_VERSION = 5.0;
				TARGETED_DEVICE_FAMILY = 1;
			};
			name = Debug;
		};
		BDB77EFF2983AC8F00CACD4B /* Release */ = {
			isa = XCBuildConfiguration;
			buildSettings = {
				ASSETCATALOG_COMPILER_APPICON_NAME = AppIcon;
				ASSETCATALOG_COMPILER_GLOBAL_ACCENT_COLOR_NAME = AccentColor;
				BUILD_LIBRARY_FOR_DISTRIBUTION = YES;
				CODE_SIGN_ENTITLEMENTS = DyteiOSUIKitExample/DyteiOSUIKitExample.entitlements;
				CODE_SIGN_STYLE = Automatic;
				CURRENT_PROJECT_VERSION = 2;
				DEVELOPMENT_TEAM = QVRMZNCH5A;
				FRAMEWORK_SEARCH_PATHS = (
					"$(inherited)",
					"$(PROJECT_DIR)/Frameworks",
					"$(PROJECT_DIR)/DyteiOSUIKitExample",
					"$(PROJECT_DIR)/DyteiOSUIKitExample/Starscream",
					"$(PROJECT_DIR)/DyteiOSUIKitExample/DyteiOSSocketIO",
				);
				GENERATE_INFOPLIST_FILE = YES;
				INFOPLIST_FILE = DyteiOSUIKitExample/Info.plist;
				INFOPLIST_KEY_CFBundleDisplayName = "Dyte Demo iOS";
				INFOPLIST_KEY_NSCameraUsageDescription = "Dyte needs camera permission for Dyte meeting";
				INFOPLIST_KEY_NSMicrophoneUsageDescription = "Dyte needs microphone permission for Dyte meeting";
				INFOPLIST_KEY_UIApplicationSupportsIndirectInputEvents = YES;
				INFOPLIST_KEY_UILaunchStoryboardName = LaunchScreen;
				INFOPLIST_KEY_UIMainStoryboardFile = Main;
				INFOPLIST_KEY_UISupportedInterfaceOrientations = UIInterfaceOrientationPortrait;
				INFOPLIST_KEY_UISupportedInterfaceOrientations_iPad = "UIInterfaceOrientationLandscapeLeft UIInterfaceOrientationLandscapeRight UIInterfaceOrientationPortrait UIInterfaceOrientationPortraitUpsideDown";
				IPHONEOS_DEPLOYMENT_TARGET = 13.0;
				LD_RUNPATH_SEARCH_PATHS = (
					"$(inherited)",
					"@executable_path/Frameworks",
				);
				MARKETING_VERSION = 1.7;
				PRODUCT_BUNDLE_IDENTIFIER = io.dyte.core.sample;
				PRODUCT_NAME = "$(TARGET_NAME)";
				SUPPORTED_PLATFORMS = "iphoneos iphonesimulator";
				SUPPORTS_MACCATALYST = NO;
				SUPPORTS_MAC_DESIGNED_FOR_IPHONE_IPAD = NO;
				SWIFT_EMIT_LOC_STRINGS = YES;
				SWIFT_VERSION = 5.0;
				TARGETED_DEVICE_FAMILY = 1;
			};
			name = Release;
		};
/* End XCBuildConfiguration section */

/* Begin XCConfigurationList section */
		AABAD9212A6FC056008B6ED3 /* Build configuration list for PBXNativeTarget "DyteUiKitTests" */ = {
			isa = XCConfigurationList;
			buildConfigurations = (
				AABAD9222A6FC056008B6ED3 /* Debug */,
				AABAD9232A6FC056008B6ED3 /* Release */,
			);
			defaultConfigurationIsVisible = 0;
			defaultConfigurationName = Release;
		};
		BDB77EE42983AC8E00CACD4B /* Build configuration list for PBXProject "DyteiOSUIKitExample" */ = {
			isa = XCConfigurationList;
			buildConfigurations = (
				BDB77EFB2983AC8F00CACD4B /* Debug */,
				BDB77EFC2983AC8F00CACD4B /* Release */,
			);
			defaultConfigurationIsVisible = 0;
			defaultConfigurationName = Release;
		};
		BDB77EFD2983AC8F00CACD4B /* Build configuration list for PBXNativeTarget "DyteiOSUIKitExample" */ = {
			isa = XCConfigurationList;
			buildConfigurations = (
				BDB77EFE2983AC8F00CACD4B /* Debug */,
				BDB77EFF2983AC8F00CACD4B /* Release */,
			);
			defaultConfigurationIsVisible = 0;
			defaultConfigurationName = Release;
		};
/* End XCConfigurationList section */
	};
	rootObject = BDB77EE12983AC8E00CACD4B /* Project object */;
}
