PODS:
  - DyteiOSCore (1.29.0):
    - WebRTC-SDK (= 114.5735.08)
  - WebRTC-SDK (114.5735.08)

DEPENDENCIES:
  - DyteiOSCore (= 1.29.0)

SPEC REPOS:
  trunk:
    - DyteiOSCore
    - WebRTC-SDK

SPEC CHECKSUMS:
  DyteiOSCore: 5dee3edbe034db48df6da861399d9656cfba472c
  WebRTC-SDK: c24d2a6c9f571f2ed42297cb8ffba9557093142b

PODFILE CHECKSUM: 103115b75e4cb4e7a0fcb764732c7ff55bd4d01d

COCOAPODS: 1.13.0
