{
  "originHash" : "93a66a67595e97088864b392d5bbc1e83875dfea3143cbfc1f3b93b8e60c9ae1",
  "pins" : [
    {
      "identity" : "realtimekitcoreios",
      "kind" : "remoteSourceControl",
      "location" : "https://github.com/dyte-in/RealtimeKitCoreiOS.git",
      "state" : {
        "revision" : "5d543ffd98ead585364e4b03ee0b220a4216429a",
        "version" : "1.3.2"
      }
    },
    {
      "identity" : "realtimekitui",
      "kind" : "remoteSourceControl",
      "location" : "https://github.com/dyte-in/RealtimeKitUI",
      "state" : {
        "revision" : "eb9b3470442da39c73782d477e1002daa73fead1",
        "version" : "0.4.4"
      }
    }
  ],
  "version" : 3
}
