{
  "originHash" : "93a66a67595e97088864b392d5bbc1e83875dfea3143cbfc1f3b93b8e60c9ae1",
  "pins" : [
    {
      "identity" : "realtimekitcoreios",
      "kind" : "remoteSourceControl",
      "location" : "https://github.com/dyte-in/RealtimeKitCoreiOS.git",
      "state" : {
        "revision" : "b8143de1860f8465e67a40e7196bfc20a1b61617",
        "version" : "1.3.4"
      }
    },
    {
      "identity" : "realtimekitui",
      "kind" : "remoteSourceControl",
      "location" : "https://github.com/dyte-in/RealtimeKitUI",
      "state" : {
        "revision" : "033013199b180f74cb6cad813910ccde7854afba",
        "version" : "0.4.6"
      }
    }
  ],
  "version" : 3
}
