PODS:
  - DyteiOSCore (2.0.1):
    - DyteWebRTC (= 0.0.4)
  - DyteWebRTC (0.0.4)

DEPENDENCIES:
  - DyteiOSCore (= 2.0.1)

SPEC REPOS:
  trunk:
    - DyteiOSCore
    - DyteWebRTC

SPEC CHECKSUMS:
  DyteiOSCore: 2c47df7919972e00a08f7c0d2ea0c1f86a3b1511
  DyteWebRTC: a6abe1b2cc3ecf66a2a0adc07ada8d851647cfa6

PODFILE CHECKSUM: 907bc8e456f924df2d200c7f0fac9f554fdd2d15

COCOAPODS: 1.15.2
