// !$*UTF8*$!
{
	archiveVersion = 1;
	classes = {
	};
	objectVersion = 56;
	objects = {

/* Begin PBXBuildFile section */
		30CF3DCC2E56FDFE00CADB1B /* RealtimeKitUI in Frameworks */ = {isa = PBXBuildFile; productRef = 30CF3DCB2E56FDFE00CADB1B /* RealtimeKitUI */; };
		706A5F7D2B8340CC0087AFAE /* MeetingConfig.swift in Sources */ = {isa = PBXBuildFile; fileRef = 706A5F7C2B8340CC0087AFAE /* MeetingConfig.swift */; };
		AAA995DF2B5FB6F3002C6408 /* AppDelegate.swift in Sources */ = {isa = PBXBuildFile; fileRef = AAA995DE2B5FB6F3002C6408 /* AppDelegate.swift */; };
		AAA995E12B5FB6F3002C6408 /* SceneDelegate.swift in Sources */ = {isa = PBXBuildFile; fileRef = AAA995E02B5FB6F3002C6408 /* SceneDelegate.swift */; };
		AAA995E32B5FB6F3002C6408 /* ViewController.swift in Sources */ = {isa = PBXBuildFile; fileRef = AAA995E22B5FB6F3002C6408 /* ViewController.swift */; };
		AAA995E62B5FB6F3002C6408 /* Main.storyboard in Resources */ = {isa = PBXBuildFile; fileRef = AAA995E42B5FB6F3002C6408 /* Main.storyboard */; };
		AAA995E82B5FB6F5002C6408 /* Assets.xcassets in Resources */ = {isa = PBXBuildFile; fileRef = AAA995E72B5FB6F5002C6408 /* Assets.xcassets */; };
		AAA995EB2B5FB6F5002C6408 /* LaunchScreen.storyboard in Resources */ = {isa = PBXBuildFile; fileRef = AAA995E92B5FB6F5002C6408 /* LaunchScreen.storyboard */; };
		AAA995F62B5FB737002C6408 /* ActiveSpeakerMeetingControlBar.swift in Sources */ = {isa = PBXBuildFile; fileRef = AAA995F22B5FB737002C6408 /* ActiveSpeakerMeetingControlBar.swift */; };
		AAA995F72B5FB737002C6408 /* ActiveSpeakerMeetingViewModel.swift in Sources */ = {isa = PBXBuildFile; fileRef = AAA995F32B5FB737002C6408 /* ActiveSpeakerMeetingViewModel.swift */; };
		AAA995F82B5FB737002C6408 /* ActiveSpeakerWebinarMeetingViewController.swift in Sources */ = {isa = PBXBuildFile; fileRef = AAA995F42B5FB737002C6408 /* ActiveSpeakerWebinarMeetingViewController.swift */; };
		AAA995F92B5FB737002C6408 /* ActiveSpeakerMeetingViewController.swift in Sources */ = {isa = PBXBuildFile; fileRef = AAA995F52B5FB737002C6408 /* ActiveSpeakerMeetingViewController.swift */; };
		AAA995FF2B5FB74E002C6408 /* Extensions.swift in Sources */ = {isa = PBXBuildFile; fileRef = AAA995FA2B5FB74D002C6408 /* Extensions.swift */; };
		AAA996002B5FB74E002C6408 /* PollsButtonControlBar.swift in Sources */ = {isa = PBXBuildFile; fileRef = AAA995FB2B5FB74D002C6408 /* PollsButtonControlBar.swift */; };
		AAA996012B5FB74E002C6408 /* JoinStageAlert.swift in Sources */ = {isa = PBXBuildFile; fileRef = AAA995FC2B5FB74D002C6408 /* JoinStageAlert.swift */; };
		AAA996022B5FB74E002C6408 /* ChatButtonControlBar.swift in Sources */ = {isa = PBXBuildFile; fileRef = AAA995FD2B5FB74D002C6408 /* ChatButtonControlBar.swift */; };
		AAA996032B5FB74E002C6408 /* Utils.swift in Sources */ = {isa = PBXBuildFile; fileRef = AAA995FE2B5FB74D002C6408 /* Utils.swift */; };
/* End PBXBuildFile section */

/* Begin PBXFileReference section */
		706A5F7C2B8340CC0087AFAE /* MeetingConfig.swift */ = {isa = PBXFileReference; lastKnownFileType = sourcecode.swift; path = MeetingConfig.swift; sourceTree = "<group>"; };
		AAA995DB2B5FB6F3002C6408 /* active-speaker-ui-sample.app */ = {isa = PBXFileReference; explicitFileType = wrapper.application; includeInIndex = 0; path = "active-speaker-ui-sample.app"; sourceTree = BUILT_PRODUCTS_DIR; };
		AAA995DE2B5FB6F3002C6408 /* AppDelegate.swift */ = {isa = PBXFileReference; lastKnownFileType = sourcecode.swift; path = AppDelegate.swift; sourceTree = "<group>"; };
		AAA995E02B5FB6F3002C6408 /* SceneDelegate.swift */ = {isa = PBXFileReference; lastKnownFileType = sourcecode.swift; path = SceneDelegate.swift; sourceTree = "<group>"; };
		AAA995E22B5FB6F3002C6408 /* ViewController.swift */ = {isa = PBXFileReference; lastKnownFileType = sourcecode.swift; path = ViewController.swift; sourceTree = "<group>"; };
		AAA995E52B5FB6F3002C6408 /* Base */ = {isa = PBXFileReference; lastKnownFileType = file.storyboard; name = Base; path = Base.lproj/Main.storyboard; sourceTree = "<group>"; };
		AAA995E72B5FB6F5002C6408 /* Assets.xcassets */ = {isa = PBXFileReference; lastKnownFileType = folder.assetcatalog; path = Assets.xcassets; sourceTree = "<group>"; };
		AAA995EA2B5FB6F5002C6408 /* Base */ = {isa = PBXFileReference; lastKnownFileType = file.storyboard; name = Base; path = Base.lproj/LaunchScreen.storyboard; sourceTree = "<group>"; };
		AAA995EC2B5FB6F5002C6408 /* Info.plist */ = {isa = PBXFileReference; lastKnownFileType = text.plist.xml; path = Info.plist; sourceTree = "<group>"; };
		AAA995F22B5FB737002C6408 /* ActiveSpeakerMeetingControlBar.swift */ = {isa = PBXFileReference; fileEncoding = 4; lastKnownFileType = sourcecode.swift; path = ActiveSpeakerMeetingControlBar.swift; sourceTree = "<group>"; };
		AAA995F32B5FB737002C6408 /* ActiveSpeakerMeetingViewModel.swift */ = {isa = PBXFileReference; fileEncoding = 4; lastKnownFileType = sourcecode.swift; path = ActiveSpeakerMeetingViewModel.swift; sourceTree = "<group>"; };
		AAA995F42B5FB737002C6408 /* ActiveSpeakerWebinarMeetingViewController.swift */ = {isa = PBXFileReference; fileEncoding = 4; lastKnownFileType = sourcecode.swift; path = ActiveSpeakerWebinarMeetingViewController.swift; sourceTree = "<group>"; };
		AAA995F52B5FB737002C6408 /* ActiveSpeakerMeetingViewController.swift */ = {isa = PBXFileReference; fileEncoding = 4; lastKnownFileType = sourcecode.swift; path = ActiveSpeakerMeetingViewController.swift; sourceTree = "<group>"; };
		AAA995FA2B5FB74D002C6408 /* Extensions.swift */ = {isa = PBXFileReference; fileEncoding = 4; lastKnownFileType = sourcecode.swift; path = Extensions.swift; sourceTree = "<group>"; };
		AAA995FB2B5FB74D002C6408 /* PollsButtonControlBar.swift */ = {isa = PBXFileReference; fileEncoding = 4; lastKnownFileType = sourcecode.swift; path = PollsButtonControlBar.swift; sourceTree = "<group>"; };
		AAA995FC2B5FB74D002C6408 /* JoinStageAlert.swift */ = {isa = PBXFileReference; fileEncoding = 4; lastKnownFileType = sourcecode.swift; path = JoinStageAlert.swift; sourceTree = "<group>"; };
		AAA995FD2B5FB74D002C6408 /* ChatButtonControlBar.swift */ = {isa = PBXFileReference; fileEncoding = 4; lastKnownFileType = sourcecode.swift; path = ChatButtonControlBar.swift; sourceTree = "<group>"; };
		AAA995FE2B5FB74D002C6408 /* Utils.swift */ = {isa = PBXFileReference; fileEncoding = 4; lastKnownFileType = sourcecode.swift; path = Utils.swift; sourceTree = "<group>"; };
/* End PBXFileReference section */

/* Begin PBXFrameworksBuildPhase section */
		AAA995D82B5FB6F3002C6408 /* Frameworks */ = {
			isa = PBXFrameworksBuildPhase;
			buildActionMask = 2147483647;
			files = (
				30CF3DCC2E56FDFE00CADB1B /* RealtimeKitUI in Frameworks */,
			);
			runOnlyForDeploymentPostprocessing = 0;
		};
/* End PBXFrameworksBuildPhase section */

/* Begin PBXGroup section */
		AAA995D22B5FB6F3002C6408 = {
			isa = PBXGroup;
			children = (
				AAA995DD2B5FB6F3002C6408 /* active-speaker-ui-sample */,
				AAA995DC2B5FB6F3002C6408 /* Products */,
			);
			sourceTree = "<group>";
		};
		AAA995DC2B5FB6F3002C6408 /* Products */ = {
			isa = PBXGroup;
			children = (
				AAA995DB2B5FB6F3002C6408 /* active-speaker-ui-sample.app */,
			);
			name = Products;
			sourceTree = "<group>";
		};
		AAA995DD2B5FB6F3002C6408 /* active-speaker-ui-sample */ = {
			isa = PBXGroup;
			children = (
				AAA996082B5FB978002C6408 /* Utils */,
				AAA996072B5FB958002C6408 /* MeetingControllers */,
				AAA996062B5FB949002C6408 /* ViewModel */,
				AAA996052B5FB906002C6408 /* Views */,
				AAA995DE2B5FB6F3002C6408 /* AppDelegate.swift */,
				AAA995E02B5FB6F3002C6408 /* SceneDelegate.swift */,
				AAA995E22B5FB6F3002C6408 /* ViewController.swift */,
				AAA995E42B5FB6F3002C6408 /* Main.storyboard */,
				AAA995E72B5FB6F5002C6408 /* Assets.xcassets */,
				AAA995E92B5FB6F5002C6408 /* LaunchScreen.storyboard */,
				AAA995EC2B5FB6F5002C6408 /* Info.plist */,
				706A5F7C2B8340CC0087AFAE /* MeetingConfig.swift */,
			);
			path = "active-speaker-ui-sample";
			sourceTree = "<group>";
		};
		AAA996052B5FB906002C6408 /* Views */ = {
			isa = PBXGroup;
			children = (
				AAA995FC2B5FB74D002C6408 /* JoinStageAlert.swift */,
				AAA995F22B5FB737002C6408 /* ActiveSpeakerMeetingControlBar.swift */,
				AAA995FD2B5FB74D002C6408 /* ChatButtonControlBar.swift */,
				AAA995FB2B5FB74D002C6408 /* PollsButtonControlBar.swift */,
			);
			path = Views;
			sourceTree = "<group>";
		};
		AAA996062B5FB949002C6408 /* ViewModel */ = {
			isa = PBXGroup;
			children = (
				AAA995F32B5FB737002C6408 /* ActiveSpeakerMeetingViewModel.swift */,
			);
			path = ViewModel;
			sourceTree = "<group>";
		};
		AAA996072B5FB958002C6408 /* MeetingControllers */ = {
			isa = PBXGroup;
			children = (
				AAA995F52B5FB737002C6408 /* ActiveSpeakerMeetingViewController.swift */,
				AAA995F42B5FB737002C6408 /* ActiveSpeakerWebinarMeetingViewController.swift */,
			);
			path = MeetingControllers;
			sourceTree = "<group>";
		};
		AAA996082B5FB978002C6408 /* Utils */ = {
			isa = PBXGroup;
			children = (
				AAA995FA2B5FB74D002C6408 /* Extensions.swift */,
				AAA995FE2B5FB74D002C6408 /* Utils.swift */,
			);
			path = Utils;
			sourceTree = "<group>";
		};
/* End PBXGroup section */

/* Begin PBXNativeTarget section */
		AAA995DA2B5FB6F3002C6408 /* active-speaker-ui-sample */ = {
			isa = PBXNativeTarget;
			buildConfigurationList = AAA995EF2B5FB6F5002C6408 /* Build configuration list for PBXNativeTarget "active-speaker-ui-sample" */;
			buildPhases = (
				AAA995D72B5FB6F3002C6408 /* Sources */,
				AAA995D82B5FB6F3002C6408 /* Frameworks */,
				AAA995D92B5FB6F3002C6408 /* Resources */,
			);
			buildRules = (
			);
			dependencies = (
			);
			name = "active-speaker-ui-sample";
			productName = "active-speaker-ui-sample";
			productReference = AAA995DB2B5FB6F3002C6408 /* active-speaker-ui-sample.app */;
			productType = "com.apple.product-type.application";
		};
/* End PBXNativeTarget section */

/* Begin PBXProject section */
		AAA995D32B5FB6F3002C6408 /* Project object */ = {
			isa = PBXProject;
			attributes = {
				BuildIndependentTargetsInParallel = 1;
				LastSwiftUpdateCheck = 1500;
				LastUpgradeCheck = 1500;
				TargetAttributes = {
					AAA995DA2B5FB6F3002C6408 = {
						CreatedOnToolsVersion = 15.0;
					};
				};
			};
			buildConfigurationList = AAA995D62B5FB6F3002C6408 /* Build configuration list for PBXProject "active-speaker-ui-sample" */;
			compatibilityVersion = "Xcode 14.0";
			developmentRegion = en;
			hasScannedForEncodings = 0;
			knownRegions = (
				en,
				Base,
			);
			mainGroup = AAA995D22B5FB6F3002C6408;
			packageReferences = (
				30CF3DCA2E56FDFD00CADB1B /* XCRemoteSwiftPackageReference "RealtimeKitUI" */,
			);
			productRefGroup = AAA995DC2B5FB6F3002C6408 /* Products */;
			projectDirPath = "";
			projectRoot = "";
			targets = (
				AAA995DA2B5FB6F3002C6408 /* active-speaker-ui-sample */,
			);
		};
/* End PBXProject section */

/* Begin PBXResourcesBuildPhase section */
		AAA995D92B5FB6F3002C6408 /* Resources */ = {
			isa = PBXResourcesBuildPhase;
			buildActionMask = 2147483647;
			files = (
				AAA995EB2B5FB6F5002C6408 /* LaunchScreen.storyboard in Resources */,
				AAA995E82B5FB6F5002C6408 /* Assets.xcassets in Resources */,
				AAA995E62B5FB6F3002C6408 /* Main.storyboard in Resources */,
			);
			runOnlyForDeploymentPostprocessing = 0;
		};
/* End PBXResourcesBuildPhase section */

/* Begin PBXSourcesBuildPhase section */
		AAA995D72B5FB6F3002C6408 /* Sources */ = {
			isa = PBXSourcesBuildPhase;
			buildActionMask = 2147483647;
			files = (
				AAA996002B5FB74E002C6408 /* PollsButtonControlBar.swift in Sources */,
				AAA995E32B5FB6F3002C6408 /* ViewController.swift in Sources */,
				AAA995F62B5FB737002C6408 /* ActiveSpeakerMeetingControlBar.swift in Sources */,
				706A5F7D2B8340CC0087AFAE /* MeetingConfig.swift in Sources */,
				AAA995DF2B5FB6F3002C6408 /* AppDelegate.swift in Sources */,
				AAA995FF2B5FB74E002C6408 /* Extensions.swift in Sources */,
				AAA996022B5FB74E002C6408 /* ChatButtonControlBar.swift in Sources */,
				AAA995F92B5FB737002C6408 /* ActiveSpeakerMeetingViewController.swift in Sources */,
				AAA995F72B5FB737002C6408 /* ActiveSpeakerMeetingViewModel.swift in Sources */,
				AAA995E12B5FB6F3002C6408 /* SceneDelegate.swift in Sources */,
				AAA995F82B5FB737002C6408 /* ActiveSpeakerWebinarMeetingViewController.swift in Sources */,
				AAA996012B5FB74E002C6408 /* JoinStageAlert.swift in Sources */,
				AAA996032B5FB74E002C6408 /* Utils.swift in Sources */,
			);
			runOnlyForDeploymentPostprocessing = 0;
		};
/* End PBXSourcesBuildPhase section */

/* Begin PBXVariantGroup section */
		AAA995E42B5FB6F3002C6408 /* Main.storyboard */ = {
			isa = PBXVariantGroup;
			children = (
				AAA995E52B5FB6F3002C6408 /* Base */,
			);
			name = Main.storyboard;
			sourceTree = "<group>";
		};
		AAA995E92B5FB6F5002C6408 /* LaunchScreen.storyboard */ = {
			isa = PBXVariantGroup;
			children = (
				AAA995EA2B5FB6F5002C6408 /* Base */,
			);
			name = LaunchScreen.storyboard;
			sourceTree = "<group>";
		};
/* End PBXVariantGroup section */

/* Begin XCBuildConfiguration section */
		AAA995ED2B5FB6F5002C6408 /* Debug */ = {
			isa = XCBuildConfiguration;
			buildSettings = {
				ALWAYS_SEARCH_USER_PATHS = NO;
				ASSETCATALOG_COMPILER_GENERATE_SWIFT_ASSET_SYMBOL_EXTENSIONS = YES;
				CLANG_ANALYZER_NONNULL = YES;
				CLANG_ANALYZER_NUMBER_OBJECT_CONVERSION = YES_AGGRESSIVE;
				CLANG_CXX_LANGUAGE_STANDARD = "gnu++20";
				CLANG_ENABLE_MODULES = YES;
				CLANG_ENABLE_OBJC_ARC = YES;
				CLANG_ENABLE_OBJC_WEAK = YES;
				CLANG_WARN_BLOCK_CAPTURE_AUTORELEASING = YES;
				CLANG_WARN_BOOL_CONVERSION = YES;
				CLANG_WARN_COMMA = YES;
				CLANG_WARN_CONSTANT_CONVERSION = YES;
				CLANG_WARN_DEPRECATED_OBJC_IMPLEMENTATIONS = YES;
				CLANG_WARN_DIRECT_OBJC_ISA_USAGE = YES_ERROR;
				CLANG_WARN_DOCUMENTATION_COMMENTS = YES;
				CLANG_WARN_EMPTY_BODY = YES;
				CLANG_WARN_ENUM_CONVERSION = YES;
				CLANG_WARN_INFINITE_RECURSION = YES;
				CLANG_WARN_INT_CONVERSION = YES;
				CLANG_WARN_NON_LITERAL_NULL_CONVERSION = YES;
				CLANG_WARN_OBJC_IMPLICIT_RETAIN_SELF = YES;
				CLANG_WARN_OBJC_LITERAL_CONVERSION = YES;
				CLANG_WARN_OBJC_ROOT_CLASS = YES_ERROR;
				CLANG_WARN_QUOTED_INCLUDE_IN_FRAMEWORK_HEADER = YES;
				CLANG_WARN_RANGE_LOOP_ANALYSIS = YES;
				CLANG_WARN_STRICT_PROTOTYPES = YES;
				CLANG_WARN_SUSPICIOUS_MOVE = YES;
				CLANG_WARN_UNGUARDED_AVAILABILITY = YES_AGGRESSIVE;
				CLANG_WARN_UNREACHABLE_CODE = YES;
				CLANG_WARN__DUPLICATE_METHOD_MATCH = YES;
				COPY_PHASE_STRIP = NO;
				DEBUG_INFORMATION_FORMAT = dwarf;
				ENABLE_STRICT_OBJC_MSGSEND = YES;
				ENABLE_TESTABILITY = YES;
				ENABLE_USER_SCRIPT_SANDBOXING = NO;
				GCC_C_LANGUAGE_STANDARD = gnu17;
				GCC_DYNAMIC_NO_PIC = NO;
				GCC_NO_COMMON_BLOCKS = YES;
				GCC_OPTIMIZATION_LEVEL = 0;
				GCC_PREPROCESSOR_DEFINITIONS = (
					"DEBUG=1",
					"$(inherited)",
				);
				GCC_WARN_64_TO_32_BIT_CONVERSION = YES;
				GCC_WARN_ABOUT_RETURN_TYPE = YES_ERROR;
				GCC_WARN_UNDECLARED_SELECTOR = YES;
				GCC_WARN_UNINITIALIZED_AUTOS = YES_AGGRESSIVE;
				GCC_WARN_UNUSED_FUNCTION = YES;
				GCC_WARN_UNUSED_VARIABLE = YES;
				IPHONEOS_DEPLOYMENT_TARGET = 17.0;
				LOCALIZATION_PREFERS_STRING_CATALOGS = YES;
				MTL_ENABLE_DEBUG_INFO = INCLUDE_SOURCE;
				MTL_FAST_MATH = YES;
				ONLY_ACTIVE_ARCH = YES;
				SDKROOT = iphoneos;
				SWIFT_ACTIVE_COMPILATION_CONDITIONS = "DEBUG $(inherited)";
				SWIFT_OPTIMIZATION_LEVEL = "-Onone";
			};
			name = Debug;
		};
		AAA995EE2B5FB6F5002C6408 /* Release */ = {
			isa = XCBuildConfiguration;
			buildSettings = {
				ALWAYS_SEARCH_USER_PATHS = NO;
				ASSETCATALOG_COMPILER_GENERATE_SWIFT_ASSET_SYMBOL_EXTENSIONS = YES;
				CLANG_ANALYZER_NONNULL = YES;
				CLANG_ANALYZER_NUMBER_OBJECT_CONVERSION = YES_AGGRESSIVE;
				CLANG_CXX_LANGUAGE_STANDARD = "gnu++20";
				CLANG_ENABLE_MODULES = YES;
				CLANG_ENABLE_OBJC_ARC = YES;
				CLANG_ENABLE_OBJC_WEAK = YES;
				CLANG_WARN_BLOCK_CAPTURE_AUTORELEASING = YES;
				CLANG_WARN_BOOL_CONVERSION = YES;
				CLANG_WARN_COMMA = YES;
				CLANG_WARN_CONSTANT_CONVERSION = YES;
				CLANG_WARN_DEPRECATED_OBJC_IMPLEMENTATIONS = YES;
				CLANG_WARN_DIRECT_OBJC_ISA_USAGE = YES_ERROR;
				CLANG_WARN_DOCUMENTATION_COMMENTS = YES;
				CLANG_WARN_EMPTY_BODY = YES;
				CLANG_WARN_ENUM_CONVERSION = YES;
				CLANG_WARN_INFINITE_RECURSION = YES;
				CLANG_WARN_INT_CONVERSION = YES;
				CLANG_WARN_NON_LITERAL_NULL_CONVERSION = YES;
				CLANG_WARN_OBJC_IMPLICIT_RETAIN_SELF = YES;
				CLANG_WARN_OBJC_LITERAL_CONVERSION = YES;
				CLANG_WARN_OBJC_ROOT_CLASS = YES_ERROR;
				CLANG_WARN_QUOTED_INCLUDE_IN_FRAMEWORK_HEADER = YES;
				CLANG_WARN_RANGE_LOOP_ANALYSIS = YES;
				CLANG_WARN_STRICT_PROTOTYPES = YES;
				CLANG_WARN_SUSPICIOUS_MOVE = YES;
				CLANG_WARN_UNGUARDED_AVAILABILITY = YES_AGGRESSIVE;
				CLANG_WARN_UNREACHABLE_CODE = YES;
				CLANG_WARN__DUPLICATE_METHOD_MATCH = YES;
				COPY_PHASE_STRIP = NO;
				DEBUG_INFORMATION_FORMAT = "dwarf-with-dsym";
				ENABLE_NS_ASSERTIONS = NO;
				ENABLE_STRICT_OBJC_MSGSEND = YES;
				ENABLE_USER_SCRIPT_SANDBOXING = NO;
				GCC_C_LANGUAGE_STANDARD = gnu17;
				GCC_NO_COMMON_BLOCKS = YES;
				GCC_WARN_64_TO_32_BIT_CONVERSION = YES;
				GCC_WARN_ABOUT_RETURN_TYPE = YES_ERROR;
				GCC_WARN_UNDECLARED_SELECTOR = YES;
				GCC_WARN_UNINITIALIZED_AUTOS = YES_AGGRESSIVE;
				GCC_WARN_UNUSED_FUNCTION = YES;
				GCC_WARN_UNUSED_VARIABLE = YES;
				IPHONEOS_DEPLOYMENT_TARGET = 17.0;
				LOCALIZATION_PREFERS_STRING_CATALOGS = YES;
				MTL_ENABLE_DEBUG_INFO = NO;
				MTL_FAST_MATH = YES;
				SDKROOT = iphoneos;
				SWIFT_COMPILATION_MODE = wholemodule;
				VALIDATE_PRODUCT = YES;
			};
			name = Release;
		};
		AAA995F02B5FB6F5002C6408 /* Debug */ = {
			isa = XCBuildConfiguration;
			buildSettings = {
				ASSETCATALOG_COMPILER_APPICON_NAME = AppIcon;
				ASSETCATALOG_COMPILER_GLOBAL_ACCENT_COLOR_NAME = AccentColor;
				CODE_SIGN_STYLE = Automatic;
				CURRENT_PROJECT_VERSION = 2;
				DEVELOPMENT_TEAM = QVRMZNCH5A;
				GENERATE_INFOPLIST_FILE = YES;
				INFOPLIST_FILE = "active-speaker-ui-sample/Info.plist";
				INFOPLIST_KEY_CFBundleDisplayName = "Active Speaker";
				INFOPLIST_KEY_NSCameraUsageDescription = "Dyte needs camera permission for Dyte meeting";
				INFOPLIST_KEY_NSMicrophoneUsageDescription = "Dyte needs microphone permission for Dyte meeting";
				INFOPLIST_KEY_UIApplicationSupportsIndirectInputEvents = YES;
				INFOPLIST_KEY_UILaunchStoryboardName = LaunchScreen;
				INFOPLIST_KEY_UIMainStoryboardFile = Main;
				INFOPLIST_KEY_UISupportedInterfaceOrientations_iPad = "UIInterfaceOrientationPortrait UIInterfaceOrientationPortraitUpsideDown UIInterfaceOrientationLandscapeLeft UIInterfaceOrientationLandscapeRight";
				INFOPLIST_KEY_UISupportedInterfaceOrientations_iPhone = "UIInterfaceOrientationPortrait UIInterfaceOrientationLandscapeLeft UIInterfaceOrientationLandscapeRight";
				IPHONEOS_DEPLOYMENT_TARGET = 13.0;
				LD_RUNPATH_SEARCH_PATHS = (
					"$(inherited)",
					"@executable_path/Frameworks",
				);
				MARKETING_VERSION = 1.0;
				PRODUCT_BUNDLE_IDENTIFIER = "com.active.speaker.sample.active-speaker-ui-sample";
				PRODUCT_NAME = "$(TARGET_NAME)";
				SWIFT_EMIT_LOC_STRINGS = YES;
				SWIFT_VERSION = 5.0;
				TARGETED_DEVICE_FAMILY = "1,2";
			};
			name = Debug;
		};
		AAA995F12B5FB6F5002C6408 /* Release */ = {
			isa = XCBuildConfiguration;
			buildSettings = {
				ASSETCATALOG_COMPILER_APPICON_NAME = AppIcon;
				ASSETCATALOG_COMPILER_GLOBAL_ACCENT_COLOR_NAME = AccentColor;
				CODE_SIGN_STYLE = Automatic;
				CURRENT_PROJECT_VERSION = 2;
				DEVELOPMENT_TEAM = QVRMZNCH5A;
				GENERATE_INFOPLIST_FILE = YES;
				INFOPLIST_FILE = "active-speaker-ui-sample/Info.plist";
				INFOPLIST_KEY_CFBundleDisplayName = "Active Speaker";
				INFOPLIST_KEY_NSCameraUsageDescription = "Dyte needs camera permission for Dyte meeting";
				INFOPLIST_KEY_NSMicrophoneUsageDescription = "Dyte needs microphone permission for Dyte meeting";
				INFOPLIST_KEY_UIApplicationSupportsIndirectInputEvents = YES;
				INFOPLIST_KEY_UILaunchStoryboardName = LaunchScreen;
				INFOPLIST_KEY_UIMainStoryboardFile = Main;
				INFOPLIST_KEY_UISupportedInterfaceOrientations_iPad = "UIInterfaceOrientationPortrait UIInterfaceOrientationPortraitUpsideDown UIInterfaceOrientationLandscapeLeft UIInterfaceOrientationLandscapeRight";
				INFOPLIST_KEY_UISupportedInterfaceOrientations_iPhone = "UIInterfaceOrientationPortrait UIInterfaceOrientationLandscapeLeft UIInterfaceOrientationLandscapeRight";
				IPHONEOS_DEPLOYMENT_TARGET = 13.0;
				LD_RUNPATH_SEARCH_PATHS = (
					"$(inherited)",
					"@executable_path/Frameworks",
				);
				MARKETING_VERSION = 1.0;
				PRODUCT_BUNDLE_IDENTIFIER = "com.active.speaker.sample.active-speaker-ui-sample";
				PRODUCT_NAME = "$(TARGET_NAME)";
				SWIFT_EMIT_LOC_STRINGS = YES;
				SWIFT_VERSION = 5.0;
				TARGETED_DEVICE_FAMILY = "1,2";
			};
			name = Release;
		};
/* End XCBuildConfiguration section */

/* Begin XCConfigurationList section */
		AAA995D62B5FB6F3002C6408 /* Build configuration list for PBXProject "active-speaker-ui-sample" */ = {
			isa = XCConfigurationList;
			buildConfigurations = (
				AAA995ED2B5FB6F5002C6408 /* Debug */,
				AAA995EE2B5FB6F5002C6408 /* Release */,
			);
			defaultConfigurationIsVisible = 0;
			defaultConfigurationName = Release;
		};
		AAA995EF2B5FB6F5002C6408 /* Build configuration list for PBXNativeTarget "active-speaker-ui-sample" */ = {
			isa = XCConfigurationList;
			buildConfigurations = (
				AAA995F02B5FB6F5002C6408 /* Debug */,
				AAA995F12B5FB6F5002C6408 /* Release */,
			);
			defaultConfigurationIsVisible = 0;
			defaultConfigurationName = Release;
		};
/* End XCConfigurationList section */

/* Begin XCRemoteSwiftPackageReference section */
		30CF3DCA2E56FDFD00CADB1B /* XCRemoteSwiftPackageReference "RealtimeKitUI" */ = {
			isa = XCRemoteSwiftPackageReference;
			repositoryURL = "https://github.com/dyte-in/RealtimeKitUI";
			requirement = {
				kind = upToNextMajorVersion;
				minimumVersion = 0.4.3;
			};
		};
/* End XCRemoteSwiftPackageReference section */

/* Begin XCSwiftPackageProductDependency section */
		30CF3DCB2E56FDFE00CADB1B /* RealtimeKitUI */ = {
			isa = XCSwiftPackageProductDependency;
			package = 30CF3DCA2E56FDFD00CADB1B /* XCRemoteSwiftPackageReference "RealtimeKitUI" */;
			productName = RealtimeKitUI;
		};
/* End XCSwiftPackageProductDependency section */
	};
	rootObject = AAA995D32B5FB6F3002C6408 /* Project object */;
}
